
Microsoft Visual Studio Solution File, Format Version 12.00
# Visual Studio Version 17
VisualStudioVersion = 17.14.36511.14 d17.14
MinimumVisualStudioVersion = 10.0.40219.1
Project("{FAE04EC0-301F-11D3-BF4B-00C04F79EFBC}") = "SystemLogAnalyzer", "SystemLogAnalyzer\SystemLogAnalyzer.csproj", "{83404FB6-13CF-477D-87BB-B2A7FA7984D1}"
EndProject
Global
	GlobalSection(SolutionConfigurationPlatforms) = preSolution
		Debug|Any CPU = Debug|Any CPU
		Release|Any CPU = Release|Any CPU
	EndGlobalSection
	GlobalSection(ProjectConfigurationPlatforms) = postSolution
		{83404FB6-13CF-477D-87BB-B2A7FA7984D1}.Debug|Any CPU.ActiveCfg = Debug|Any CPU
		{83404FB6-13CF-477D-87BB-B2A7FA7984D1}.Debug|Any CPU.Build.0 = Debug|Any CPU
		{83404FB6-13CF-477D-87BB-B2A7FA7984D1}.Release|Any CPU.ActiveCfg = Release|Any CPU
		{83404FB6-13CF-477D-87BB-B2A7FA7984D1}.Release|Any CPU.Build.0 = Release|Any CPU
	EndGlobalSection
	GlobalSection(SolutionProperties) = preSolution
		HideSolutionNode = FALSE
	EndGlobalSection
	GlobalSection(ExtensibilityGlobals) = postSolution
		SolutionGuid = {610FEF55-6E5B-4842-B9FD-2E95CBDE9CD6}
	EndGlobalSection
EndGlobal
